Microsoft Visual Studio Solution File, Format Version 12.00
# Visual Studio Version 17
VisualStudioVersion = 17.5.2.0
MinimumVisualStudioVersion = 10.0.40219.1
Project("{FAE04EC0-301F-11D3-BF4B-00C04F79EFBC}") = "Keeper2", "server\Keeper2.csproj", "{B49C6B89-644B-BC63-2253-02003340D798}"
EndProject
Global
	GlobalSection(SolutionConfigurationPlatforms) = preSolution
		Debug|Any CPU = Debug|Any CPU
		Release|Any CPU = Release|Any CPU
	EndGlobalSection
	GlobalSection(ProjectConfigurationPlatforms) = postSolution
		{B49C6B89-644B-BC63-2253-02003340D798}.Debug|Any CPU.ActiveCfg = Debug|Any CPU
		{B49C6B89-644B-BC63-2253-02003340D798}.Debug|Any CPU.Build.0 = Debug|Any CPU
		{B49C6B89-644B-BC63-2253-02003340D798}.Release|Any CPU.ActiveCfg = Release|Any CPU
		{B49C6B89-644B-BC63-2253-02003340D798}.Release|Any CPU.Build.0 = Release|Any CPU
	EndGlobalSection
	GlobalSection(SolutionProperties) = preSolution
		HideSolutionNode = FALSE
	EndGlobalSection
	GlobalSection(ExtensibilityGlobals) = postSolution
		SolutionGuid = {701F44F7-149E-45BA-81EC-3AA6BE2D6457}
	EndGlobalSection
EndGlobal
